
Microsoft Visual Studio Solution File, Format Version 12.00
# Visual Studio 15
VisualStudioVersion = 15.0.27428.2037
MinimumVisualStudioVersion = 10.0.40219.1
Project("{151D2E53-A2C4-4D7D-83FE-D05416EBD58E}") = "VirtualSubnetArchitecture", "VirtualSubnetArchitecture\VirtualSubnetArchitecture.deployproj", "{ED8B957D-CB35-40DA-91C6-2A4F9500F535}"
EndProject
Global
	GlobalSection(SolutionConfigurationPlatforms) = preSolution
		Debug|Any CPU = Debug|Any CPU
		Release|Any CPU = Release|Any CPU
	EndGlobalSection
	GlobalSection(ProjectConfigurationPlatforms) = postSolution
		{ED8B957D-CB35-40DA-91C6-2A4F9500F535}.Debug|Any CPU.ActiveCfg = Debug|Any CPU
		{ED8B957D-CB35-40DA-91C6-2A4F9500F535}.Debug|Any CPU.Build.0 = Debug|Any CPU
		{ED8B957D-CB35-40DA-91C6-2A4F9500F535}.Release|Any CPU.ActiveCfg = Release|Any CPU
		{ED8B957D-CB35-40DA-91C6-2A4F9500F535}.Release|Any CPU.Build.0 = Release|Any CPU
	EndGlobalSection
	GlobalSection(SolutionProperties) = preSolution
		HideSolutionNode = FALSE
	EndGlobalSection
	GlobalSection(ExtensibilityGlobals) = postSolution
		SolutionGuid = {3F290CE2-745C-4DB2-B7A7-8EBE4D5F0030}
	EndGlobalSection
EndGlobal
